
Microsoft Visual Studio Solution File, Format Version 12.00
# Visual Studio 15
VisualStudioVersion = 15.0.26430.14
MinimumVisualStudioVersion = 10.0.40219.1
Project("{FAE04EC0-301F-11D3-BF4B-00C04F79EFBC}") = "SocialNetwork.Api", "SocialNetwork.Api\SocialNetwork.Api.csproj", "{B82E5097-B1CD-4507-B00D-F7B0017217BE}"
EndProject
Project("{FAE04EC0-301F-11D3-BF4B-00C04F79EFBC}") = "SocialNetwork.Data", "SocialNetwork.Data\SocialNetwork.Data.csproj", "{F1821BD7-9C27-4137-930B-EAAEC1572885}"
EndProject
Project("{FAE04EC0-301F-11D3-BF4B-00C04F79EFBC}") = "SocialNetwork.DbMigrations", "SocialNetwork.DbMigrations\SocialNetwork.DbMigrations.csproj", "{38503120-9060-4AB5-8F14-CBF7DD1DCBEA}"
EndProject
Project("{FAE04EC0-301F-11D3-BF4B-00C04F79EFBC}") = "SocialNetwork.OAuth", "SocialNetwork.OAuth\SocialNetwork.OAuth.csproj", "{5CA6CD34-4FE3-4C18-8FA7-2778BBD68C1F}"
EndProject
Global
	GlobalSection(SolutionConfigurationPlatforms) = preSolution
		Debug|Any CPU = Debug|Any CPU
		Release|Any CPU = Release|Any CPU
	EndGlobalSection
	GlobalSection(ProjectConfigurationPlatforms) = postSolution
		{B82E5097-B1CD-4507-B00D-F7B0017217BE}.Debug|Any CPU.ActiveCfg = Debug|Any CPU
		{B82E5097-B1CD-4507-B00D-F7B0017217BE}.Debug|Any CPU.Build.0 = Debug|Any CPU
		{B82E5097-B1CD-4507-B00D-F7B0017217BE}.Release|Any CPU.ActiveCfg = Release|Any CPU
		{B82E5097-B1CD-4507-B00D-F7B0017217BE}.Release|Any CPU.Build.0 = Release|Any CPU
		{F1821BD7-9C27-4137-930B-EAAEC1572885}.Debug|Any CPU.ActiveCfg = Debug|Any CPU
		{F1821BD7-9C27-4137-930B-EAAEC1572885}.Debug|Any CPU.Build.0 = Debug|Any CPU
		{F1821BD7-9C27-4137-930B-EAAEC1572885}.Release|Any CPU.ActiveCfg = Release|Any CPU
		{F1821BD7-9C27-4137-930B-EAAEC1572885}.Release|Any CPU.Build.0 = Release|Any CPU
		{38503120-9060-4AB5-8F14-CBF7DD1DCBEA}.Debug|Any CPU.ActiveCfg = Debug|Any CPU
		{38503120-9060-4AB5-8F14-CBF7DD1DCBEA}.Debug|Any CPU.Build.0 = Debug|Any CPU
		{38503120-9060-4AB5-8F14-CBF7DD1DCBEA}.Release|Any CPU.ActiveCfg = Release|Any CPU
		{38503120-9060-4AB5-8F14-CBF7DD1DCBEA}.Release|Any CPU.Build.0 = Release|Any CPU
		{5CA6CD34-4FE3-4C18-8FA7-2778BBD68C1F}.Debug|Any CPU.ActiveCfg = Debug|Any CPU
		{5CA6CD34-4FE3-4C18-8FA7-2778BBD68C1F}.Debug|Any CPU.Build.0 = Debug|Any CPU
		{5CA6CD34-4FE3-4C18-8FA7-2778BBD68C1F}.Release|Any CPU.ActiveCfg = Release|Any CPU
		{5CA6CD34-4FE3-4C18-8FA7-2778BBD68C1F}.Release|Any CPU.Build.0 = Release|Any CPU
	EndGlobalSection
	GlobalSection(SolutionProperties) = preSolution
		HideSolutionNode = FALSE
	EndGlobalSection
EndGlobal
